
Microsoft Visual Studio Solution File, Format Version 12.00
# Visual Studio Version 17
VisualStudioVersion = 17.7.34031.279
MinimumVisualStudioVersion = 10.0.40219.1
Project("{FAE04EC0-301F-11D3-BF4B-00C04F79EFBC}") = "T_G_task1", "T_G_task1.csproj", "{42DCE7FC-0A20-4C75-92DC-8AE1833E9DBF}"
EndProject
Project("{FAE04EC0-301F-11D3-BF4B-00C04F79EFBC}") = "T_G_task2", "..\T_G_task2\T_G_task2.csproj", "{F264C8A3-3D53-4E88-860C-DF9C5E3AC598}"
EndProject
Project("{FAE04EC0-301F-11D3-BF4B-00C04F79EFBC}") = "T_G_task3", "..\T_G_task3\T_G_task3.csproj", "{0D16BEE2-8906-4612-A698-C4DACCD8638F}"
EndProject
Global
	GlobalSection(SolutionConfigurationPlatforms) = preSolution
		Debug|Any CPU = Debug|Any CPU
		Release|Any CPU = Release|Any CPU
	EndGlobalSection
	GlobalSection(ProjectConfigurationPlatforms) = postSolution
		{42DCE7FC-0A20-4C75-92DC-8AE1833E9DBF}.Debug|Any CPU.ActiveCfg = Debug|Any CPU
		{42DCE7FC-0A20-4C75-92DC-8AE1833E9DBF}.Debug|Any CPU.Build.0 = Debug|Any CPU
		{42DCE7FC-0A20-4C75-92DC-8AE1833E9DBF}.Release|Any CPU.ActiveCfg = Release|Any CPU
		{42DCE7FC-0A20-4C75-92DC-8AE1833E9DBF}.Release|Any CPU.Build.0 = Release|Any CPU
		{F264C8A3-3D53-4E88-860C-DF9C5E3AC598}.Debug|Any CPU.ActiveCfg = Debug|Any CPU
		{F264C8A3-3D53-4E88-860C-DF9C5E3AC598}.Debug|Any CPU.Build.0 = Debug|Any CPU
		{F264C8A3-3D53-4E88-860C-DF9C5E3AC598}.Release|Any CPU.ActiveCfg = Release|Any CPU
		{F264C8A3-3D53-4E88-860C-DF9C5E3AC598}.Release|Any CPU.Build.0 = Release|Any CPU
		{0D16BEE2-8906-4612-A698-C4DACCD8638F}.Debug|Any CPU.ActiveCfg = Debug|Any CPU
		{0D16BEE2-8906-4612-A698-C4DACCD8638F}.Debug|Any CPU.Build.0 = Debug|Any CPU
		{0D16BEE2-8906-4612-A698-C4DACCD8638F}.Release|Any CPU.ActiveCfg = Release|Any CPU
		{0D16BEE2-8906-4612-A698-C4DACCD8638F}.Release|Any CPU.Build.0 = Release|Any CPU
	EndGlobalSection
	GlobalSection(SolutionProperties) = preSolution
		HideSolutionNode = FALSE
	EndGlobalSection
	GlobalSection(ExtensibilityGlobals) = postSolution
		SolutionGuid = {9FB47DCE-9E1B-427B-9708-D78D75CAC687}
	EndGlobalSection
EndGlobal
